{
    "version": 3,
    "terraform_version": "0.11.7",
    "serial": 4,
    "lineage": "5900e036-cf41-e8bf-ecc0-a68dd08bd07a",
    "modules": [
        {
            "path": [
                "root"
            ],
            "outputs": {},
            "resources": {
                "azurerm_subnet.datalayer": {
                    "type": "azurerm_subnet",
                    "depends_on": [
                        "azurerm_resource_group.datalayer",
                        "azurerm_virtual_network.datalayer"
                    ],
                    "primary": {
                        "id": "/subscriptions/d159e994-8b44-42f7-b100-78c4508c34a6/resourceGroups/demo/providers/Microsoft.Network/virtualNetworks/demonetwork/subnets/datalayer",
                        "attributes": {
                            "address_prefix": "10.0.1.0/24",
                            "id": "/subscriptions/d159e994-8b44-42f7-b100-78c4508c34a6/resourceGroups/demo/providers/Microsoft.Network/virtualNetworks/demonetwork/subnets/datalayer",
                            "ip_configurations.#": "2",
                            "ip_configurations.2790433516": "/subscriptions/d159e994-8b44-42f7-b100-78c4508c34a6/resourceGroups/demo/providers/Microsoft.Network/networkInterfaces/demo-datalayer-ni-1/ipConfigurations/demo-datalayer-ni-ipConfig-1",
                            "ip_configurations.3089930527": "/subscriptions/d159e994-8b44-42f7-b100-78c4508c34a6/resourceGroups/demo/providers/Microsoft.Network/networkInterfaces/demo-datalayer-ni-0/ipConfigurations/demo-datalayer-ni-ipConfig-0",
                            "name": "datalayer",
                            "resource_group_name": "demo",
                            "service_endpoints.#": "0",
                            "virtual_network_name": "demonetwork"
                        },
                        "meta": {},
                        "tainted": false
                    },
                    "deposed": [],
                    "provider": "provider.azurerm"
                },
                "azurerm_virtual_network.datalayer": {
                    "type": "azurerm_virtual_network",
                    "depends_on": [
                        "azurerm_resource_group.datalayer"
                    ],
                    "primary": {
                        "id": "/subscriptions/d159e994-8b44-42f7-b100-78c4508c34a6/resourceGroups/demo/providers/Microsoft.Network/virtualNetworks/demonetwork",
                        "attributes": {
                            "address_space.#": "1",
                            "address_space.0": "10.0.0.0/16",
                            "dns_servers.#": "0",
                            "id": "/subscriptions/d159e994-8b44-42f7-b100-78c4508c34a6/resourceGroups/demo/providers/Microsoft.Network/virtualNetworks/demonetwork",
                            "location": "centralus",
                            "name": "demonetwork",
                            "resource_group_name": "demo",
                            "subnet.#": "1",
                            "subnet.1906441589.address_prefix": "10.0.1.0/24",
                            "subnet.1906441589.name": "datalayer",
                            "subnet.1906441589.security_group": "",
                            "tags.%": "0"
                        },
                        "meta": {},
                        "tainted": false
                    },
                    "deposed": [],
                    "provider": "provider.azurerm"
                }
            },
            "depends_on": []
        }
    ]
}
