{
    "version": 3,
    "terraform_version": "0.11.7",
    "serial": 4,
    "lineage": "5900e036-cf41-e8bf-ecc0-a68dd08bd07a",
    "modules": [
        {
            "path": [
                "root"
            ],
            "outputs": {},
            "resources": {
                "azurerm_network_interface.datalayer.0": {
                    "type": "azurerm_network_interface",
                    "depends_on": [
                        "azurerm_network_security_group.datalayer",
                        "azurerm_public_ip.datalayer.*",
                        "azurerm_resource_group.datalayer",
                        "azurerm_subnet.datalayer"
                    ],
                    "primary": {
                        "id": "/subscriptions/d159e994-8b44-42f7-b100-78c4508c34a6/resourceGroups/demo/providers/Microsoft.Network/networkInterfaces/demo-datalayer-ni-0",
                        "attributes": {
                            "applied_dns_servers.#": "0",
                            "dns_servers.#": "0",
                            "enable_accelerated_networking": "false",
                            "enable_ip_forwarding": "false",
                            "id": "/subscriptions/d159e994-8b44-42f7-b100-78c4508c34a6/resourceGroups/demo/providers/Microsoft.Network/networkInterfaces/demo-datalayer-ni-0",
                            "internal_dns_name_label": "",
                            "internal_fqdn": "",
                            "ip_configuration.#": "1",
                            "ip_configuration.0.application_gateway_backend_address_pools_ids.#": "0",
                            "ip_configuration.0.application_security_group_ids.#": "0",
                            "ip_configuration.0.load_balancer_backend_address_pools_ids.#": "0",
                            "ip_configuration.0.load_balancer_inbound_nat_rules_ids.#": "0",
                            "ip_configuration.0.name": "demo-datalayer-ni-ipConfig-0",
                            "ip_configuration.0.primary": "true",
                            "ip_configuration.0.private_ip_address": "",
                            "ip_configuration.0.private_ip_address_allocation": "dynamic",
                            "ip_configuration.0.public_ip_address_id": "/subscriptions/d159e994-8b44-42f7-b100-78c4508c34a6/resourceGroups/demo/providers/Microsoft.Network/publicIPAddresses/demo-datalayer-ip-0",
                            "ip_configuration.0.subnet_id": "/subscriptions/d159e994-8b44-42f7-b100-78c4508c34a6/resourceGroups/demo/providers/Microsoft.Network/virtualNetworks/demonetwork/subnets/datalayer",
                            "location": "centralus",
                            "mac_address": "",
                            "name": "demo-datalayer-ni-0",
                            "network_security_group_id": "/subscriptions/d159e994-8b44-42f7-b100-78c4508c34a6/resourceGroups/demo/providers/Microsoft.Network/networkSecurityGroups/demo-datalayer-sg",
                            "private_ip_address": "10.0.1.5",
                            "private_ip_addresses.#": "1",
                            "private_ip_addresses.0": "10.0.1.5",
                            "resource_group_name": "demo",
                            "tags.%": "0"
                        },
                        "meta": {},
                        "tainted": false
                    },
                    "deposed": [],
                    "provider": "provider.azurerm"
                },
                "azurerm_network_interface.datalayer.1": {
                    "type": "azurerm_network_interface",
                    "depends_on": [
                        "azurerm_network_security_group.datalayer",
                        "azurerm_public_ip.datalayer.*",
                        "azurerm_resource_group.datalayer",
                        "azurerm_subnet.datalayer"
                    ],
                    "primary": {
                        "id": "/subscriptions/d159e994-8b44-42f7-b100-78c4508c34a6/resourceGroups/demo/providers/Microsoft.Network/networkInterfaces/demo-datalayer-ni-1",
                        "attributes": {
                            "applied_dns_servers.#": "0",
                            "dns_servers.#": "0",
                            "enable_accelerated_networking": "false",
                            "enable_ip_forwarding": "false",
                            "id": "/subscriptions/d159e994-8b44-42f7-b100-78c4508c34a6/resourceGroups/demo/providers/Microsoft.Network/networkInterfaces/demo-datalayer-ni-1",
                            "internal_dns_name_label": "",
                            "internal_fqdn": "",
                            "ip_configuration.#": "1",
                            "ip_configuration.0.application_gateway_backend_address_pools_ids.#": "0",
                            "ip_configuration.0.application_security_group_ids.#": "0",
                            "ip_configuration.0.load_balancer_backend_address_pools_ids.#": "0",
                            "ip_configuration.0.load_balancer_inbound_nat_rules_ids.#": "0",
                            "ip_configuration.0.name": "demo-datalayer-ni-ipConfig-1",
                            "ip_configuration.0.primary": "true",
                            "ip_configuration.0.private_ip_address": "",
                            "ip_configuration.0.private_ip_address_allocation": "dynamic",
                            "ip_configuration.0.public_ip_address_id": "/subscriptions/d159e994-8b44-42f7-b100-78c4508c34a6/resourceGroups/demo/providers/Microsoft.Network/publicIPAddresses/demo-datalayer-ip-1",
                            "ip_configuration.0.subnet_id": "/subscriptions/d159e994-8b44-42f7-b100-78c4508c34a6/resourceGroups/demo/providers/Microsoft.Network/virtualNetworks/demonetwork/subnets/datalayer",
                            "location": "centralus",
                            "mac_address": "",
                            "name": "demo-datalayer-ni-1",
                            "network_security_group_id": "/subscriptions/d159e994-8b44-42f7-b100-78c4508c34a6/resourceGroups/demo/providers/Microsoft.Network/networkSecurityGroups/demo-datalayer-sg",
                            "private_ip_address": "10.0.1.4",
                            "private_ip_addresses.#": "1",
                            "private_ip_addresses.0": "10.0.1.4",
                            "resource_group_name": "demo",
                            "tags.%": "0"
                        },
                        "meta": {},
                        "tainted": false
                    },
                    "deposed": [],
                    "provider": "provider.azurerm"
                },
                "azurerm_network_security_group.datalayer": {
                    "type": "azurerm_network_security_group",
                    "depends_on": [
                        "azurerm_resource_group.datalayer"
                    ],
                    "primary": {
                        "id": "/subscriptions/d159e994-8b44-42f7-b100-78c4508c34a6/resourceGroups/demo/providers/Microsoft.Network/networkSecurityGroups/demo-datalayer-sg",
                        "attributes": {
                            "id": "/subscriptions/d159e994-8b44-42f7-b100-78c4508c34a6/resourceGroups/demo/providers/Microsoft.Network/networkSecurityGroups/demo-datalayer-sg",
                            "location": "centralus",
                            "name": "demo-datalayer-sg",
                            "resource_group_name": "demo",
                            "security_rule.#": "0",
                            "tags.%": "0"
                        },
                        "meta": {},
                        "tainted": false
                    },
                    "deposed": [],
                    "provider": "provider.azurerm"
                },
                "azurerm_public_ip.datalayer.0": {
                    "type": "azurerm_public_ip",
                    "depends_on": [
                        "azurerm_resource_group.datalayer"
                    ],
                    "primary": {
                        "id": "/subscriptions/d159e994-8b44-42f7-b100-78c4508c34a6/resourceGroups/demo/providers/Microsoft.Network/publicIPAddresses/demo-datalayer-ip-0",
                        "attributes": {
                            "id": "/subscriptions/d159e994-8b44-42f7-b100-78c4508c34a6/resourceGroups/demo/providers/Microsoft.Network/publicIPAddresses/demo-datalayer-ip-0",
                            "idle_timeout_in_minutes": "30",
                            "ip_address": "",
                            "location": "centralus",
                            "name": "demo-datalayer-ip-0",
                            "public_ip_address_allocation": "dynamic",
                            "resource_group_name": "demo",
                            "sku": "Basic",
                            "tags.%": "0",
                            "zones.#": "0"
                        },
                        "meta": {},
                        "tainted": false
                    },
                    "deposed": [],
                    "provider": "provider.azurerm"
                },
                "azurerm_public_ip.datalayer.1": {
                    "type": "azurerm_public_ip",
                    "depends_on": [
                        "azurerm_resource_group.datalayer"
                    ],
                    "primary": {
                        "id": "/subscriptions/d159e994-8b44-42f7-b100-78c4508c34a6/resourceGroups/demo/providers/Microsoft.Network/publicIPAddresses/demo-datalayer-ip-1",
                        "attributes": {
                            "id": "/subscriptions/d159e994-8b44-42f7-b100-78c4508c34a6/resourceGroups/demo/providers/Microsoft.Network/publicIPAddresses/demo-datalayer-ip-1",
                            "idle_timeout_in_minutes": "30",
                            "ip_address": "",
                            "location": "centralus",
                            "name": "demo-datalayer-ip-1",
                            "public_ip_address_allocation": "dynamic",
                            "resource_group_name": "demo",
                            "sku": "Basic",
                            "tags.%": "0",
                            "zones.#": "0"
                        },
                        "meta": {},
                        "tainted": false
                    },
                    "deposed": [],
                    "provider": "provider.azurerm"
                },
                "azurerm_subnet.datalayer": {
                    "type": "azurerm_subnet",
                    "depends_on": [
                        "azurerm_resource_group.datalayer",
                        "azurerm_virtual_network.datalayer"
                    ],
                    "primary": {
                        "id": "/subscriptions/d159e994-8b44-42f7-b100-78c4508c34a6/resourceGroups/demo/providers/Microsoft.Network/virtualNetworks/demonetwork/subnets/datalayer",
                        "attributes": {
                            "address_prefix": "10.0.1.0/24",
                            "id": "/subscriptions/d159e994-8b44-42f7-b100-78c4508c34a6/resourceGroups/demo/providers/Microsoft.Network/virtualNetworks/demonetwork/subnets/datalayer",
                            "ip_configurations.#": "0",
                            "name": "datalayer",
                            "resource_group_name": "demo",
                            "service_endpoints.#": "0",
                            "virtual_network_name": "demonetwork"
                        },
                        "meta": {},
                        "tainted": false
                    },
                    "deposed": [],
                    "provider": "provider.azurerm"
                },
                "azurerm_virtual_machine.datalayer-0": {
                    "type": "azurerm_virtual_machine",
                    "depends_on": [
                        "azurerm_network_interface.datalayer.*",
                        "azurerm_resource_group.datalayer"
                    ],
                    "primary": {
                        "id": "/subscriptions/d159e994-8b44-42f7-b100-78c4508c34a6/resourceGroups/demo/providers/Microsoft.Compute/virtualMachines/demo-datalayer-vm-0",
                        "attributes": {
                            "delete_data_disks_on_termination": "true",
                            "delete_os_disk_on_termination": "true",
                            "id": "/subscriptions/d159e994-8b44-42f7-b100-78c4508c34a6/resourceGroups/demo/providers/Microsoft.Compute/virtualMachines/demo-datalayer-vm-0",
                            "identity.#": "0",
                            "location": "centralus",
                            "name": "demo-datalayer-vm-0",
                            "network_interface_ids.#": "1",
                            "network_interface_ids.0": "/subscriptions/d159e994-8b44-42f7-b100-78c4508c34a6/resourceGroups/demo/providers/Microsoft.Network/networkInterfaces/demo-datalayer-ni-0",
                            "os_profile.#": "1",
                            "os_profile.1400061656.admin_password": "",
                            "os_profile.1400061656.admin_username": "ubuntu",
                            "os_profile.1400061656.computer_name": "datalayer",
                            "os_profile.1400061656.custom_data": "",
                            "os_profile_linux_config.#": "1",
                            "os_profile_linux_config.2972667452.disable_password_authentication": "false",
                            "os_profile_linux_config.2972667452.ssh_keys.#": "0",
                            "os_profile_secrets.#": "0",
                            "resource_group_name": "demo",
                            "storage_data_disk.#": "0",
                            "storage_image_reference.#": "1",
                            "storage_image_reference.1458860473.id": "",
                            "storage_image_reference.1458860473.offer": "UbuntuServer",
                            "storage_image_reference.1458860473.publisher": "Canonical",
                            "storage_image_reference.1458860473.sku": "16.04-LTS",
                            "storage_image_reference.1458860473.version": "latest",
                            "storage_os_disk.#": "1",
                            "storage_os_disk.0.caching": "ReadWrite",
                            "storage_os_disk.0.create_option": "FromImage",
                            "storage_os_disk.0.disk_size_gb": "30",
                            "storage_os_disk.0.image_uri": "",
                            "storage_os_disk.0.managed_disk_id": "/subscriptions/d159e994-8b44-42f7-b100-78c4508c34a6/resourceGroups/demo/providers/Microsoft.Compute/disks/demo-datalayer-osDisk-0",
                            "storage_os_disk.0.managed_disk_type": "Standard_LRS",
                            "storage_os_disk.0.name": "demo-datalayer-osDisk-0",
                            "storage_os_disk.0.os_type": "Linux",
                            "storage_os_disk.0.vhd_uri": "",
                            "storage_os_disk.0.write_accelerator_enabled": "false",
                            "tags.%": "4",
                            "tags.soajs.env.code": "DEV",
                            "tags.soajs.layer.name": "datalayer",
                            "tags.soajs.network.name": "demo-vn",
                            "tags.soajs.vm.name": "demo-datalayer-vm-0",
                            "vm_size": "Standard_A0",
                            "zones.#": "0"
                        },
                        "meta": {},
                        "tainted": false
                    },
                    "deposed": [],
                    "provider": "provider.azurerm"
                },
                "azurerm_virtual_machine.datalayer-1": {
                    "type": "azurerm_virtual_machine",
                    "depends_on": [
                        "azurerm_network_interface.datalayer.*",
                        "azurerm_resource_group.datalayer"
                    ],
                    "primary": {
                        "id": "/subscriptions/d159e994-8b44-42f7-b100-78c4508c34a6/resourceGroups/demo/providers/Microsoft.Compute/virtualMachines/demo-datalayer-vm-1",
                        "attributes": {
                            "delete_data_disks_on_termination": "true",
                            "delete_os_disk_on_termination": "true",
                            "id": "/subscriptions/d159e994-8b44-42f7-b100-78c4508c34a6/resourceGroups/demo/providers/Microsoft.Compute/virtualMachines/demo-datalayer-vm-1",
                            "identity.#": "0",
                            "location": "centralus",
                            "name": "demo-datalayer-vm-1",
                            "network_interface_ids.#": "1",
                            "network_interface_ids.0": "/subscriptions/d159e994-8b44-42f7-b100-78c4508c34a6/resourceGroups/demo/providers/Microsoft.Network/networkInterfaces/demo-datalayer-ni-1",
                            "os_profile.#": "1",
                            "os_profile.1400061656.admin_password": "",
                            "os_profile.1400061656.admin_username": "ubuntu",
                            "os_profile.1400061656.computer_name": "datalayer",
                            "os_profile.1400061656.custom_data": "",
                            "os_profile_linux_config.#": "1",
                            "os_profile_linux_config.2972667452.disable_password_authentication": "false",
                            "os_profile_linux_config.2972667452.ssh_keys.#": "0",
                            "os_profile_secrets.#": "0",
                            "resource_group_name": "demo",
                            "storage_data_disk.#": "0",
                            "storage_image_reference.#": "1",
                            "storage_image_reference.1458860473.id": "",
                            "storage_image_reference.1458860473.offer": "UbuntuServer",
                            "storage_image_reference.1458860473.publisher": "Canonical",
                            "storage_image_reference.1458860473.sku": "16.04-LTS",
                            "storage_image_reference.1458860473.version": "latest",
                            "storage_os_disk.#": "1",
                            "storage_os_disk.0.caching": "ReadWrite",
                            "storage_os_disk.0.create_option": "FromImage",
                            "storage_os_disk.0.disk_size_gb": "30",
                            "storage_os_disk.0.image_uri": "",
                            "storage_os_disk.0.managed_disk_id": "/subscriptions/d159e994-8b44-42f7-b100-78c4508c34a6/resourceGroups/demo/providers/Microsoft.Compute/disks/demo-datalayer-osDisk-1",
                            "storage_os_disk.0.managed_disk_type": "Standard_LRS",
                            "storage_os_disk.0.name": "demo-datalayer-osDisk-1",
                            "storage_os_disk.0.os_type": "Linux",
                            "storage_os_disk.0.vhd_uri": "",
                            "storage_os_disk.0.write_accelerator_enabled": "false",
                            "tags.%": "4",
                            "tags.soajs.env.code": "DEV",
                            "tags.soajs.layer.name": "datalayer",
                            "tags.soajs.network.name": "demo-vn",
                            "tags.soajs.vm.name": "demo-datalayer-vm-1",
                            "vm_size": "Standard_A0",
                            "zones.#": "0"
                        },
                        "meta": {},
                        "tainted": false
                    },
                    "deposed": [],
                    "provider": "provider.azurerm"
                },
                "azurerm_virtual_network.datalayer": {
                    "type": "azurerm_virtual_network",
                    "depends_on": [
                        "azurerm_resource_group.datalayer"
                    ],
                    "primary": {
                        "id": "/subscriptions/d159e994-8b44-42f7-b100-78c4508c34a6/resourceGroups/demo/providers/Microsoft.Network/virtualNetworks/demonetwork",
                        "attributes": {
                            "address_space.#": "1",
                            "address_space.0": "10.0.0.0/16",
                            "dns_servers.#": "0",
                            "id": "/subscriptions/d159e994-8b44-42f7-b100-78c4508c34a6/resourceGroups/demo/providers/Microsoft.Network/virtualNetworks/demonetwork",
                            "location": "centralus",
                            "name": "demonetwork",
                            "resource_group_name": "demo",
                            "subnet.#": "0",
                            "tags.%": "0"
                        },
                        "meta": {},
                        "tainted": false
                    },
                    "deposed": [],
                    "provider": "provider.azurerm"
                }
            },
            "depends_on": []
        }
    ]
}
