{
    "version": 3,
    "terraform_version": "0.11.7",
    "serial": 1,
    "lineage": "a8eacbf7-ebd3-0446-6105-bf8ad8dec428",
    "modules": [
        {
            "path": [
                "root"
            ],
            "outputs": {},
            "resources": {
                "azurerm_availability_set.web": {
                    "type": "azurerm_availability_set",
                    "depends_on": [
                        "azurerm_resource_group.web"
                    ],
                    "primary": {
                        "id": "/subscriptions/d159e994-8b44-42f7-b100-78c4508c34a6/resourceGroups/demo/providers/Microsoft.Compute/availabilitySets/demo-web-availability-set",
                        "attributes": {
                            "id": "/subscriptions/d159e994-8b44-42f7-b100-78c4508c34a6/resourceGroups/demo/providers/Microsoft.Compute/availabilitySets/demo-web-availability-set",
                            "location": "centralus",
                            "managed": "true",
                            "name": "demo-web-availability-set",
                            "platform_fault_domain_count": "3",
                            "platform_update_domain_count": "5",
                            "resource_group_name": "demo",
                            "tags.%": "0"
                        },
                        "meta": {},
                        "tainted": false
                    },
                    "deposed": [],
                    "provider": "provider.azurerm"
                },
                "azurerm_lb.web": {
                    "type": "azurerm_lb",
                    "depends_on": [
                        "azurerm_public_ip.web",
                        "azurerm_resource_group.web"
                    ],
                    "primary": {
                        "id": "/subscriptions/d159e994-8b44-42f7-b100-78c4508c34a6/resourceGroups/demo/providers/Microsoft.Network/loadBalancers/demo-web-lb",
                        "attributes": {
                            "frontend_ip_configuration.#": "1",
                            "frontend_ip_configuration.0.inbound_nat_rules.#": "0",
                            "frontend_ip_configuration.0.load_balancer_rules.#": "0",
                            "frontend_ip_configuration.0.name": "demo-web-lb-ip",
                            "frontend_ip_configuration.0.private_ip_address": "",
                            "frontend_ip_configuration.0.private_ip_address_allocation": "Dynamic",
                            "frontend_ip_configuration.0.public_ip_address_id": "/subscriptions/d159e994-8b44-42f7-b100-78c4508c34a6/resourceGroups/demo/providers/Microsoft.Network/publicIPAddresses/demo-web-ip",
                            "frontend_ip_configuration.0.subnet_id": "",
                            "frontend_ip_configuration.0.zones.#": "0",
                            "id": "/subscriptions/d159e994-8b44-42f7-b100-78c4508c34a6/resourceGroups/demo/providers/Microsoft.Network/loadBalancers/demo-web-lb",
                            "location": "centralus",
                            "name": "demo-web-lb",
                            "private_ip_address": "",
                            "private_ip_addresses.#": "0",
                            "resource_group_name": "demo",
                            "sku": "Basic",
                            "tags.%": "0"
                        },
                        "meta": {},
                        "tainted": false
                    },
                    "deposed": [],
                    "provider": "provider.azurerm"
                },
                "azurerm_lb_backend_address_pool.web": {
                    "type": "azurerm_lb_backend_address_pool",
                    "depends_on": [
                        "azurerm_lb.web",
                        "azurerm_resource_group.web"
                    ],
                    "primary": {
                        "id": "/subscriptions/d159e994-8b44-42f7-b100-78c4508c34a6/resourceGroups/demo/providers/Microsoft.Network/loadBalancers/demo-web-lb/backendAddressPools/demo-web-lb-backend-address-pool",
                        "attributes": {
                            "backend_ip_configurations.#": "2",
                            "backend_ip_configurations.1756146933": "/subscriptions/d159e994-8b44-42f7-b100-78c4508c34a6/resourceGroups/demo/providers/Microsoft.Network/networkInterfaces/demo-web-ni-0/ipConfigurations/demo-web-ni-ipConfig-0",
                            "backend_ip_configurations.4156296386": "/subscriptions/d159e994-8b44-42f7-b100-78c4508c34a6/resourceGroups/demo/providers/Microsoft.Network/networkInterfaces/demo-web-ni-1/ipConfigurations/demo-web-ni-ipConfig-1",
                            "id": "/subscriptions/d159e994-8b44-42f7-b100-78c4508c34a6/resourceGroups/demo/providers/Microsoft.Network/loadBalancers/demo-web-lb/backendAddressPools/demo-web-lb-backend-address-pool",
                            "load_balancing_rules.#": "0",
                            "loadbalancer_id": "/subscriptions/d159e994-8b44-42f7-b100-78c4508c34a6/resourceGroups/demo/providers/Microsoft.Network/loadBalancers/demo-web-lb",
                            "name": "demo-web-lb-backend-address-pool",
                            "resource_group_name": "demo"
                        },
                        "meta": {},
                        "tainted": false
                    },
                    "deposed": [],
                    "provider": "provider.azurerm"
                },
                "azurerm_network_security_group.web": {
                    "type": "azurerm_network_security_group",
                    "depends_on": [
                        "azurerm_resource_group.web"
                    ],
                    "primary": {
                        "id": "/subscriptions/d159e994-8b44-42f7-b100-78c4508c34a6/resourceGroups/demo/providers/Microsoft.Network/networkSecurityGroups/demo-web-sg",
                        "attributes": {
                            "id": "/subscriptions/d159e994-8b44-42f7-b100-78c4508c34a6/resourceGroups/demo/providers/Microsoft.Network/networkSecurityGroups/demo-web-sg",
                            "location": "centralus",
                            "name": "demo-web-sg",
                            "resource_group_name": "demo",
                            "security_rule.#": "0",
                            "tags.%": "0"
                        },
                        "meta": {},
                        "tainted": false
                    },
                    "deposed": [],
                    "provider": "provider.azurerm"
                },
                "azurerm_public_ip.web": {
                    "type": "azurerm_public_ip",
                    "depends_on": [
                        "azurerm_resource_group.web"
                    ],
                    "primary": {
                        "id": "/subscriptions/d159e994-8b44-42f7-b100-78c4508c34a6/resourceGroups/demo/providers/Microsoft.Network/publicIPAddresses/demo-web-ip",
                        "attributes": {
                            "id": "/subscriptions/d159e994-8b44-42f7-b100-78c4508c34a6/resourceGroups/demo/providers/Microsoft.Network/publicIPAddresses/demo-web-ip",
                            "idle_timeout_in_minutes": "30",
                            "ip_address": "",
                            "location": "centralus",
                            "name": "demo-web-ip",
                            "public_ip_address_allocation": "dynamic",
                            "resource_group_name": "demo",
                            "sku": "Basic",
                            "tags.%": "0",
                            "zones.#": "0"
                        },
                        "meta": {},
                        "tainted": false
                    },
                    "deposed": [],
                    "provider": "provider.azurerm"
                },
                "azurerm_resource_group.web": {
                    "type": "azurerm_resource_group",
                    "depends_on": [],
                    "primary": {
                        "id": "/subscriptions/d159e994-8b44-42f7-b100-78c4508c34a6/resourceGroups/demo",
                        "attributes": {
                            "id": "/subscriptions/d159e994-8b44-42f7-b100-78c4508c34a6/resourceGroups/demo",
                            "location": "centralus",
                            "name": "demo",
                            "tags.%": "0"
                        },
                        "meta": {},
                        "tainted": false
                    },
                    "deposed": [],
                    "provider": "provider.azurerm"
                }
            },
            "depends_on": []
        }
    ]
}
